// !$*UTF8*$!
{
	archiveVersion = 1;
	classes = {
	};
	objectVersion = 46;
	objects = {

/* Begin PBXBuildFile section */
		77536F841954478100BFF5AB /* Foundation.framework in Frameworks */ = {isa = PBXBuildFile; fileRef = 77536F831954478100BFF5AB /* Foundation.framework */; };
		77536F861954478100BFF5AB /* CoreGraphics.framework in Frameworks */ = {isa = PBXBuildFile; fileRef = 77536F851954478100BFF5AB /* CoreGraphics.framework */; };
		77536F881954478100BFF5AB /* UIKit.framework in Frameworks */ = {isa = PBXBuildFile; fileRef = 77536F871954478100BFF5AB /* UIKit.framework */; };
		77536F8A1954478100BFF5AB /* SpriteKit.framework in Frameworks */ = {isa = PBXBuildFile; fileRef = 77536F891954478100BFF5AB /* SpriteKit.framework */; };
		77536F901954478100BFF5AB /* InfoPlist.strings in Resources */ = {isa = PBXBuildFile; fileRef = 77536F8E1954478100BFF5AB /* InfoPlist.strings */; };
		77536F921954478200BFF5AB /* main.m in Sources */ = {isa = PBXBuildFile; fileRef = 77536F911954478200BFF5AB /* main.m */; };
		77536F961954478200BFF5AB /* AppDelegate.m in Sources */ = {isa = PBXBuildFile; fileRef = 77536F951954478200BFF5AB /* AppDelegate.m */; };
		77536F991954478200BFF5AB /* Main.storyboard in Resources */ = {isa = PBXBuildFile; fileRef = 77536F971954478200BFF5AB /* Main.storyboard */; };
		77536F9C1954478200BFF5AB /* ViewController.m in Sources */ = {isa = PBXBuildFile; fileRef = 77536F9B1954478200BFF5AB /* ViewController.m */; };
		77536F9F1954478200BFF5AB /* MyScene.m in Sources */ = {isa = PBXBuildFile; fileRef = 77536F9E1954478200BFF5AB /* MyScene.m */; };
		77536FA11954478200BFF5AB /* Spaceship.png in Resources */ = {isa = PBXBuildFile; fileRef = 77536FA01954478200BFF5AB /* Spaceship.png */; };
		77536FA31954478200BFF5AB /* Images.xcassets in Resources */ = {isa = PBXBuildFile; fileRef = 77536FA21954478200BFF5AB /* Images.xcassets */; };
		77536FAA1954478200BFF5AB /* XCTest.framework in Frameworks */ = {isa = PBXBuildFile; fileRef = 77536FA91954478200BFF5AB /* XCTest.framework */; };
		77536FAB1954478200BFF5AB /* Foundation.framework in Frameworks */ = {isa = PBXBuildFile; fileRef = 77536F831954478100BFF5AB /* Foundation.framework */; };
		77536FAC1954478200BFF5AB /* UIKit.framework in Frameworks */ = {isa = PBXBuildFile; fileRef = 77536F871954478100BFF5AB /* UIKit.framework */; };
		77536FB41954478300BFF5AB /* InfoPlist.strings in Resources */ = {isa = PBXBuildFile; fileRef = 77536FB21954478300BFF5AB /* InfoPlist.strings */; };
		77536FB61954478300BFF5AB /* SKPhysicsJointSlidingDemoTests.m in Sources */ = {isa = PBXBuildFile; fileRef = 77536FB51954478300BFF5AB /* SKPhysicsJointSlidingDemoTests.m */; };
/* End PBXBuildFile section */

/* Begin PBXContainerItemProxy section */
		77536FAD1954478200BFF5AB /* PBXContainerItemProxy */ = {
			isa = PBXContainerItemProxy;
			containerPortal = 77536F781954478100BFF5AB /* Project object */;
			proxyType = 1;
			remoteGlobalIDString = 77536F7F1954478100BFF5AB;
			remoteInfo = SKPhysicsJointSlidingDemo;
		};
/* End PBXContainerItemProxy section */

/* Begin PBXFileReference section */
		77536F801954478100BFF5AB /* SKPhysicsJointSlidingDemo.app */ = {isa = PBXFileReference; explicitFileType = wrapper.application; includeInIndex = 0; path = SKPhysicsJointSlidingDemo.app; sourceTree = BUILT_PRODUCTS_DIR; };
		77536F831954478100BFF5AB /* Foundation.framework */ = {isa = PBXFileReference; lastKnownFileType = wrapper.framework; name = Foundation.framework; path = System/Library/Frameworks/Foundation.framework; sourceTree = SDKROOT; };
		77536F851954478100BFF5AB /* CoreGraphics.framework */ = {isa = PBXFileReference; lastKnownFileType = wrapper.framework; name = CoreGraphics.framework; path = System/Library/Frameworks/CoreGraphics.framework; sourceTree = SDKROOT; };
		77536F871954478100BFF5AB /* UIKit.framework */ = {isa = PBXFileReference; lastKnownFileType = wrapper.framework; name = UIKit.framework; path = System/Library/Frameworks/UIKit.framework; sourceTree = SDKROOT; };
		77536F891954478100BFF5AB /* SpriteKit.framework */ = {isa = PBXFileReference; lastKnownFileType = wrapper.framework; name = SpriteKit.framework; path = System/Library/Frameworks/SpriteKit.framework; sourceTree = SDKROOT; };
		77536F8D1954478100BFF5AB /* SKPhysicsJointSlidingDemo-Info.plist */ = {isa = PBXFileReference; lastKnownFileType = text.plist.xml; path = "SKPhysicsJointSlidingDemo-Info.plist"; sourceTree = "<group>"; };
		77536F8F1954478100BFF5AB /* en */ = {isa = PBXFileReference; lastKnownFileType = text.plist.strings; name = en; path = en.lproj/InfoPlist.strings; sourceTree = "<group>"; };
		77536F911954478200BFF5AB /* main.m */ = {isa = PBXFileReference; lastKnownFileType = sourcecode.c.objc; path = main.m; sourceTree = "<group>"; };
		77536F931954478200BFF5AB /* SKPhysicsJointSlidingDemo-Prefix.pch */ = {isa = PBXFileReference; lastKnownFileType = sourcecode.c.h; path = "SKPhysicsJointSlidingDemo-Prefix.pch"; sourceTree = "<group>"; };
		77536F941954478200BFF5AB /* AppDelegate.h */ = {isa = PBXFileReference; lastKnownFileType = sourcecode.c.h; path = AppDelegate.h; sourceTree = "<group>"; };
		77536F951954478200BFF5AB /* AppDelegate.m */ = {isa = PBXFileReference; lastKnownFileType = sourcecode.c.objc; path = AppDelegate.m; sourceTree = "<group>"; };
		77536F981954478200BFF5AB /* Base */ = {isa = PBXFileReference; lastKnownFileType = file.storyboard; name = Base; path = Base.lproj/Main.storyboard; sourceTree = "<group>"; };
		77536F9A1954478200BFF5AB /* ViewController.h */ = {isa = PBXFileReference; lastKnownFileType = sourcecode.c.h; path = ViewController.h; sourceTree = "<group>"; };
		77536F9B1954478200BFF5AB /* ViewController.m */ = {isa = PBXFileReference; lastKnownFileType = sourcecode.c.objc; path = ViewController.m; sourceTree = "<group>"; };
		77536F9D1954478200BFF5AB /* MyScene.h */ = {isa = PBXFileReference; lastKnownFileType = sourcecode.c.h; path = MyScene.h; sourceTree = "<group>"; };
		77536F9E1954478200BFF5AB /* MyScene.m */ = {isa = PBXFileReference; lastKnownFileType = sourcecode.c.objc; path = MyScene.m; sourceTree = "<group>"; };
		77536FA01954478200BFF5AB /* Spaceship.png */ = {isa = PBXFileReference; lastKnownFileType = image.png; path = Spaceship.png; sourceTree = "<group>"; };
		77536FA21954478200BFF5AB /* Images.xcassets */ = {isa = PBXFileReference; lastKnownFileType = folder.assetcatalog; path = Images.xcassets; sourceTree = "<group>"; };
		77536FA81954478200BFF5AB /* SKPhysicsJointSlidingDemoTests.xctest */ = {isa = PBXFileReference; explicitFileType = wrapper.cfbundle; includeInIndex = 0; path = SKPhysicsJointSlidingDemoTests.xctest; sourceTree = BUILT_PRODUCTS_DIR; };
		77536FA91954478200BFF5AB /* XCTest.framework */ = {isa = PBXFileReference; lastKnownFileType = wrapper.framework; name = XCTest.framework; path = Library/Frameworks/XCTest.framework; sourceTree = DEVELOPER_DIR; };
		77536FB11954478200BFF5AB /* SKPhysicsJointSlidingDemoTests-Info.plist */ = {isa = PBXFileReference; lastKnownFileType = text.plist.xml; path = "SKPhysicsJointSlidingDemoTests-Info.plist"; sourceTree = "<group>"; };
		77536FB31954478300BFF5AB /* en */ = {isa = PBXFileReference; lastKnownFileType = text.plist.strings; name = en; path = en.lproj/InfoPlist.strings; sourceTree = "<group>"; };
		77536FB51954478300BFF5AB /* SKPhysicsJointSlidingDemoTests.m */ = {isa = PBXFileReference; lastKnownFileType = sourcecode.c.objc; path = SKPhysicsJointSlidingDemoTests.m; sourceTree = "<group>"; };
/* End PBXFileReference section */

/* Begin PBXFrameworksBuildPhase section */
		77536F7D1954478100BFF5AB /* Frameworks */ = {
			isa = PBXFrameworksBuildPhase;
			buildActionMask = 2147483647;
			files = (
				77536F861954478100BFF5AB /* CoreGraphics.framework in Frameworks */,
				77536F881954478100BFF5AB /* UIKit.framework in Frameworks */,
				77536F8A1954478100BFF5AB /* SpriteKit.framework in Frameworks */,
				77536F841954478100BFF5AB /* Foundation.framework in Frameworks */,
			);
			runOnlyForDeploymentPostprocessing = 0;
		};
		77536FA51954478200BFF5AB /* Frameworks */ = {
			isa = PBXFrameworksBuildPhase;
			buildActionMask = 2147483647;
			files = (
				77536FAA1954478200BFF5AB /* XCTest.framework in Frameworks */,
				77536FAC1954478200BFF5AB /* UIKit.framework in Frameworks */,
				77536FAB1954478200BFF5AB /* Foundation.framework in Frameworks */,
			);
			runOnlyForDeploymentPostprocessing = 0;
		};
/* End PBXFrameworksBuildPhase section */

/* Begin PBXGroup section */
		77536F771954478100BFF5AB = {
			isa = PBXGroup;
			children = (
				77536F8B1954478100BFF5AB /* SKPhysicsJointSlidingDemo */,
				77536FAF1954478200BFF5AB /* SKPhysicsJointSlidingDemoTests */,
				77536F821954478100BFF5AB /* Frameworks */,
				77536F811954478100BFF5AB /* Products */,
			);
			sourceTree = "<group>";
		};
		77536F811954478100BFF5AB /* Products */ = {
			isa = PBXGroup;
			children = (
				77536F801954478100BFF5AB /* SKPhysicsJointSlidingDemo.app */,
				77536FA81954478200BFF5AB /* SKPhysicsJointSlidingDemoTests.xctest */,
			);
			name = Products;
			sourceTree = "<group>";
		};
		77536F821954478100BFF5AB /* Frameworks */ = {
			isa = PBXGroup;
			children = (
				77536F831954478100BFF5AB /* Foundation.framework */,
				77536F851954478100BFF5AB /* CoreGraphics.framework */,
				77536F871954478100BFF5AB /* UIKit.framework */,
				77536F891954478100BFF5AB /* SpriteKit.framework */,
				77536FA91954478200BFF5AB /* XCTest.framework */,
			);
			name = Frameworks;
			sourceTree = "<group>";
		};
		77536F8B1954478100BFF5AB /* SKPhysicsJointSlidingDemo */ = {
			isa = PBXGroup;
			children = (
				77536F941954478200BFF5AB /* AppDelegate.h */,
				77536F951954478200BFF5AB /* AppDelegate.m */,
				77536F971954478200BFF5AB /* Main.storyboard */,
				77536F9A1954478200BFF5AB /* ViewController.h */,
				77536F9B1954478200BFF5AB /* ViewController.m */,
				77536F9D1954478200BFF5AB /* MyScene.h */,
				77536F9E1954478200BFF5AB /* MyScene.m */,
				77536FA01954478200BFF5AB /* Spaceship.png */,
				77536FA21954478200BFF5AB /* Images.xcassets */,
				77536F8C1954478100BFF5AB /* Supporting Files */,
			);
			path = SKPhysicsJointSlidingDemo;
			sourceTree = "<group>";
		};
		77536F8C1954478100BFF5AB /* Supporting Files */ = {
			isa = PBXGroup;
			children = (
				77536F8D1954478100BFF5AB /* SKPhysicsJointSlidingDemo-Info.plist */,
				77536F8E1954478100BFF5AB /* InfoPlist.strings */,
				77536F911954478200BFF5AB /* main.m */,
				77536F931954478200BFF5AB /* SKPhysicsJointSlidingDemo-Prefix.pch */,
			);
			name = "Supporting Files";
			sourceTree = "<group>";
		};
		77536FAF1954478200BFF5AB /* SKPhysicsJointSlidingDemoTests */ = {
			isa = PBXGroup;
			children = (
				77536FB51954478300BFF5AB /* SKPhysicsJointSlidingDemoTests.m */,
				77536FB01954478200BFF5AB /* Supporting Files */,
			);
			path = SKPhysicsJointSlidingDemoTests;
			sourceTree = "<group>";
		};
		77536FB01954478200BFF5AB /* Supporting Files */ = {
			isa = PBXGroup;
			children = (
				77536FB11954478200BFF5AB /* SKPhysicsJointSlidingDemoTests-Info.plist */,
				77536FB21954478300BFF5AB /* InfoPlist.strings */,
			);
			name = "Supporting Files";
			sourceTree = "<group>";
		};
/* End PBXGroup section */

/* Begin PBXNativeTarget section */
		77536F7F1954478100BFF5AB /* SKPhysicsJointSlidingDemo */ = {
			isa = PBXNativeTarget;
			buildConfigurationList = 77536FB91954478300BFF5AB /* Build configuration list for PBXNativeTarget "SKPhysicsJointSlidingDemo" */;
			buildPhases = (
				77536F7C1954478100BFF5AB /* Sources */,
				77536F7D1954478100BFF5AB /* Frameworks */,
				77536F7E1954478100BFF5AB /* Resources */,
			);
			buildRules = (
			);
			dependencies = (
			);
			name = SKPhysicsJointSlidingDemo;
			productName = SKPhysicsJointSlidingDemo;
			productReference = 77536F801954478100BFF5AB /* SKPhysicsJointSlidingDemo.app */;
			productType = "com.apple.product-type.application";
		};
		77536FA71954478200BFF5AB /* SKPhysicsJointSlidingDemoTests */ = {
			isa = PBXNativeTarget;
			buildConfigurationList = 77536FBC1954478300BFF5AB /* Build configuration list for PBXNativeTarget "SKPhysicsJointSlidingDemoTests" */;
			buildPhases = (
				77536FA41954478200BFF5AB /* Sources */,
				77536FA51954478200BFF5AB /* Frameworks */,
				77536FA61954478200BFF5AB /* Resources */,
			);
			buildRules = (
			);
			dependencies = (
				77536FAE1954478200BFF5AB /* PBXTargetDependency */,
			);
			name = SKPhysicsJointSlidingDemoTests;
			productName = SKPhysicsJointSlidingDemoTests;
			productReference = 77536FA81954478200BFF5AB /* SKPhysicsJointSlidingDemoTests.xctest */;
			productType = "com.apple.product-type.bundle.unit-test";
		};
/* End PBXNativeTarget section */

/* Begin PBXProject section */
		77536F781954478100BFF5AB /* Project object */ = {
			isa = PBXProject;
			attributes = {
				LastUpgradeCheck = 0510;
				ORGANIZATIONNAME = BlackWater;
				TargetAttributes = {
					77536FA71954478200BFF5AB = {
						TestTargetID = 77536F7F1954478100BFF5AB;
					};
				};
			};
			buildConfigurationList = 77536F7B1954478100BFF5AB /* Build configuration list for PBXProject "SKPhysicsJointSlidingDemo" */;
			compatibilityVersion = "Xcode 3.2";
			developmentRegion = English;
			hasScannedForEncodings = 0;
			knownRegions = (
				en,
				Base,
			);
			mainGroup = 77536F771954478100BFF5AB;
			productRefGroup = 77536F811954478100BFF5AB /* Products */;
			projectDirPath = "";
			projectRoot = "";
			targets = (
				77536F7F1954478100BFF5AB /* SKPhysicsJointSlidingDemo */,
				77536FA71954478200BFF5AB /* SKPhysicsJointSlidingDemoTests */,
			);
		};
/* End PBXProject section */

/* Begin PBXResourcesBuildPhase section */
		77536F7E1954478100BFF5AB /* Resources */ = {
			isa = PBXResourcesBuildPhase;
			buildActionMask = 2147483647;
			files = (
				77536F901954478100BFF5AB /* InfoPlist.strings in Resources */,
				77536FA31954478200BFF5AB /* Images.xcassets in Resources */,
				77536FA11954478200BFF5AB /* Spaceship.png in Resources */,
				77536F991954478200BFF5AB /* Main.storyboard in Resources */,
			);
			runOnlyForDeploymentPostprocessing = 0;
		};
		77536FA61954478200BFF5AB /* Resources */ = {
			isa = PBXResourcesBuildPhase;
			buildActionMask = 2147483647;
			files = (
				77536FB41954478300BFF5AB /* InfoPlist.strings in Resources */,
			);
			runOnlyForDeploymentPostprocessing = 0;
		};
/* End PBXResourcesBuildPhase section */

/* Begin PBXSourcesBuildPhase section */
		77536F7C1954478100BFF5AB /* Sources */ = {
			isa = PBXSourcesBuildPhase;
			buildActionMask = 2147483647;
			files = (
				77536F9F1954478200BFF5AB /* MyScene.m in Sources */,
				77536F9C1954478200BFF5AB /* ViewController.m in Sources */,
				77536F961954478200BFF5AB /* AppDelegate.m in Sources */,
				77536F921954478200BFF5AB /* main.m in Sources */,
			);
			runOnlyForDeploymentPostprocessing = 0;
		};
		77536FA41954478200BFF5AB /* Sources */ = {
			isa = PBXSourcesBuildPhase;
			buildActionMask = 2147483647;
			files = (
				77536FB61954478300BFF5AB /* SKPhysicsJointSlidingDemoTests.m in Sources */,
			);
			runOnlyForDeploymentPostprocessing = 0;
		};
/* End PBXSourcesBuildPhase section */

/* Begin PBXTargetDependency section */
		77536FAE1954478200BFF5AB /* PBXTargetDependency */ = {
			isa = PBXTargetDependency;
			target = 77536F7F1954478100BFF5AB /* SKPhysicsJointSlidingDemo */;
			targetProxy = 77536FAD1954478200BFF5AB /* PBXContainerItemProxy */;
		};
/* End PBXTargetDependency section */

/* Begin PBXVariantGroup section */
		77536F8E1954478100BFF5AB /* InfoPlist.strings */ = {
			isa = PBXVariantGroup;
			children = (
				77536F8F1954478100BFF5AB /* en */,
			);
			name = InfoPlist.strings;
			sourceTree = "<group>";
		};
		77536F971954478200BFF5AB /* Main.storyboard */ = {
			isa = PBXVariantGroup;
			children = (
				77536F981954478200BFF5AB /* Base */,
			);
			name = Main.storyboard;
			sourceTree = "<group>";
		};
		77536FB21954478300BFF5AB /* InfoPlist.strings */ = {
			isa = PBXVariantGroup;
			children = (
				77536FB31954478300BFF5AB /* en */,
			);
			name = InfoPlist.strings;
			sourceTree = "<group>";
		};
/* End PBXVariantGroup section */

/* Begin XCBuildConfiguration section */
		77536FB71954478300BFF5AB /* Debug */ = {
			isa = XCBuildConfiguration;
			buildSettings = {
				ALWAYS_SEARCH_USER_PATHS = NO;
				CLANG_CXX_LANGUAGE_STANDARD = "gnu++0x";
				CLANG_CXX_LIBRARY = "libc++";
				CLANG_ENABLE_MODULES = YES;
				CLANG_ENABLE_OBJC_ARC = YES;
				CLANG_WARN_BOOL_CONVERSION = YES;
				CLANG_WARN_CONSTANT_CONVERSION = YES;
				CLANG_WARN_DIRECT_OBJC_ISA_USAGE = YES_ERROR;
				CLANG_WARN_EMPTY_BODY = YES;
				CLANG_WARN_ENUM_CONVERSION = YES;
				CLANG_WARN_INT_CONVERSION = YES;
				CLANG_WARN_OBJC_ROOT_CLASS = YES_ERROR;
				CLANG_WARN__DUPLICATE_METHOD_MATCH = YES;
				"CODE_SIGN_IDENTITY[sdk=iphoneos*]" = "iPhone Developer";
				COPY_PHASE_STRIP = NO;
				GCC_C_LANGUAGE_STANDARD = gnu99;
				GCC_DYNAMIC_NO_PIC = NO;
				GCC_OPTIMIZATION_LEVEL = 0;
				GCC_PREPROCESSOR_DEFINITIONS = (
					"DEBUG=1",
					"$(inherited)",
				);
				GCC_SYMBOLS_PRIVATE_EXTERN = NO;
				GCC_WARN_64_TO_32_BIT_CONVERSION = YES;
				GCC_WARN_ABOUT_RETURN_TYPE = YES_ERROR;
				GCC_WARN_UNDECLARED_SELECTOR = YES;
				GCC_WARN_UNINITIALIZED_AUTOS = YES_AGGRESSIVE;
				GCC_WARN_UNUSED_FUNCTION = YES;
				GCC_WARN_UNUSED_VARIABLE = YES;
				IPHONEOS_DEPLOYMENT_TARGET = 7.1;
				ONLY_ACTIVE_ARCH = YES;
				SDKROOT = iphoneos;
			};
			name = Debug;
		};
		77536FB81954478300BFF5AB /* Release */ = {
			isa = XCBuildConfiguration;
			buildSettings = {
				ALWAYS_SEARCH_USER_PATHS = NO;
				CLANG_CXX_LANGUAGE_STANDARD = "gnu++0x";
				CLANG_CXX_LIBRARY = "libc++";
				CLANG_ENABLE_MODULES = YES;
				CLANG_ENABLE_OBJC_ARC = YES;
				CLANG_WARN_BOOL_CONVERSION = YES;
				CLANG_WARN_CONSTANT_CONVERSION = YES;
				CLANG_WARN_DIRECT_OBJC_ISA_USAGE = YES_ERROR;
				CLANG_WARN_EMPTY_BODY = YES;
				CLANG_WARN_ENUM_CONVERSION = YES;
				CLANG_WARN_INT_CONVERSION = YES;
				CLANG_WARN_OBJC_ROOT_CLASS = YES_ERROR;
				CLANG_WARN__DUPLICATE_METHOD_MATCH = YES;
				"CODE_SIGN_IDENTITY[sdk=iphoneos*]" = "iPhone Developer";
				COPY_PHASE_STRIP = YES;
				ENABLE_NS_ASSERTIONS = NO;
				GCC_C_LANGUAGE_STANDARD = gnu99;
				GCC_WARN_64_TO_32_BIT_CONVERSION = YES;
				GCC_WARN_ABOUT_RETURN_TYPE = YES_ERROR;
				GCC_WARN_UNDECLARED_SELECTOR = YES;
				GCC_WARN_UNINITIALIZED_AUTOS = YES_AGGRESSIVE;
				GCC_WARN_UNUSED_FUNCTION = YES;
				GCC_WARN_UNUSED_VARIABLE = YES;
				IPHONEOS_DEPLOYMENT_TARGET = 7.1;
				SDKROOT = iphoneos;
				VALIDATE_PRODUCT = YES;
			};
			name = Release;
		};
		77536FBA1954478300BFF5AB /* Debug */ = {
			isa = XCBuildConfiguration;
			buildSettings = {
				ASSETCATALOG_COMPILER_APPICON_NAME = AppIcon;
				ASSETCATALOG_COMPILER_LAUNCHIMAGE_NAME = LaunchImage;
				GCC_PRECOMPILE_PREFIX_HEADER = YES;
				GCC_PREFIX_HEADER = "SKPhysicsJointSlidingDemo/SKPhysicsJointSlidingDemo-Prefix.pch";
				INFOPLIST_FILE = "SKPhysicsJointSlidingDemo/SKPhysicsJointSlidingDemo-Info.plist";
				PRODUCT_NAME = "$(TARGET_NAME)";
				SPRITEKIT_TEXTURE_ATLAS_OUTPUT = YES;
				WRAPPER_EXTENSION = app;
			};
			name = Debug;
		};
		77536FBB1954478300BFF5AB /* Release */ = {
			isa = XCBuildConfiguration;
			buildSettings = {
				ASSETCATALOG_COMPILER_APPICON_NAME = AppIcon;
				ASSETCATALOG_COMPILER_LAUNCHIMAGE_NAME = LaunchImage;
				GCC_PRECOMPILE_PREFIX_HEADER = YES;
				GCC_PREFIX_HEADER = "SKPhysicsJointSlidingDemo/SKPhysicsJointSlidingDemo-Prefix.pch";
				INFOPLIST_FILE = "SKPhysicsJointSlidingDemo/SKPhysicsJointSlidingDemo-Info.plist";
				PRODUCT_NAME = "$(TARGET_NAME)";
				SPRITEKIT_TEXTURE_ATLAS_OUTPUT = YES;
				WRAPPER_EXTENSION = app;
			};
			name = Release;
		};
		77536FBD1954478300BFF5AB /* Debug */ = {
			isa = XCBuildConfiguration;
			buildSettings = {
				BUNDLE_LOADER = "$(BUILT_PRODUCTS_DIR)/SKPhysicsJointSlidingDemo.app/SKPhysicsJointSlidingDemo";
				FRAMEWORK_SEARCH_PATHS = (
					"$(SDKROOT)/Developer/Library/Frameworks",
					"$(inherited)",
					"$(DEVELOPER_FRAMEWORKS_DIR)",
				);
				GCC_PRECOMPILE_PREFIX_HEADER = YES;
				GCC_PREFIX_HEADER = "SKPhysicsJointSlidingDemo/SKPhysicsJointSlidingDemo-Prefix.pch";
				GCC_PREPROCESSOR_DEFINITIONS = (
					"DEBUG=1",
					"$(inherited)",
				);
				INFOPLIST_FILE = "SKPhysicsJointSlidingDemoTests/SKPhysicsJointSlidingDemoTests-Info.plist";
				PRODUCT_NAME = "$(TARGET_NAME)";
				TEST_HOST = "$(BUNDLE_LOADER)";
				WRAPPER_EXTENSION = xctest;
			};
			name = Debug;
		};
		77536FBE1954478300BFF5AB /* Release */ = {
			isa = XCBuildConfiguration;
			buildSettings = {
				BUNDLE_LOADER = "$(BUILT_PRODUCTS_DIR)/SKPhysicsJointSlidingDemo.app/SKPhysicsJointSlidingDemo";
				FRAMEWORK_SEARCH_PATHS = (
					"$(SDKROOT)/Developer/Library/Frameworks",
					"$(inherited)",
					"$(DEVELOPER_FRAMEWORKS_DIR)",
				);
				GCC_PRECOMPILE_PREFIX_HEADER = YES;
				GCC_PREFIX_HEADER = "SKPhysicsJointSlidingDemo/SKPhysicsJointSlidingDemo-Prefix.pch";
				INFOPLIST_FILE = "SKPhysicsJointSlidingDemoTests/SKPhysicsJointSlidingDemoTests-Info.plist";
				PRODUCT_NAME = "$(TARGET_NAME)";
				TEST_HOST = "$(BUNDLE_LOADER)";
				WRAPPER_EXTENSION = xctest;
			};
			name = Release;
		};
/* End XCBuildConfiguration section */

/* Begin XCConfigurationList section */
		77536F7B1954478100BFF5AB /* Build configuration list for PBXProject "SKPhysicsJointSlidingDemo" */ = {
			isa = XCConfigurationList;
			buildConfigurations = (
				77536FB71954478300BFF5AB /* Debug */,
				77536FB81954478300BFF5AB /* Release */,
			);
			defaultConfigurationIsVisible = 0;
			defaultConfigurationName = Release;
		};
		77536FB91954478300BFF5AB /* Build configuration list for PBXNativeTarget "SKPhysicsJointSlidingDemo" */ = {
			isa = XCConfigurationList;
			buildConfigurations = (
				77536FBA1954478300BFF5AB /* Debug */,
				77536FBB1954478300BFF5AB /* Release */,
			);
			defaultConfigurationIsVisible = 0;
		};
		77536FBC1954478300BFF5AB /* Build configuration list for PBXNativeTarget "SKPhysicsJointSlidingDemoTests" */ = {
			isa = XCConfigurationList;
			buildConfigurations = (
				77536FBD1954478300BFF5AB /* Debug */,
				77536FBE1954478300BFF5AB /* Release */,
			);
			defaultConfigurationIsVisible = 0;
		};
/* End XCConfigurationList section */
	};
	rootObject = 77536F781954478100BFF5AB /* Project object */;
}
